// !$*UTF8*$!
{
	archiveVersion = 1;
	classes = {
	};
	objectVersion = 46;
	objects = {

/* Begin PBXBuildFile section */
		73BC60C44A8F4686AFB66617 /* DataManager.swift in Sources */ = {isa = PBXBuildFile; fileRef = 73BC6CB66D378C775B19BD89 /* DataManager.swift */; };
		73BC61961B71FE37208F027D /* Storage.swift in Sources */ = {isa = PBXBuildFile; fileRef = 73BC620E63E274BF6CBC111E /* Storage.swift */; };
		73BC61C68AF2D3D82E1793BD /* PlistCache.swift in Sources */ = {isa = PBXBuildFile; fileRef = 73BC6A78D50572E1DBB96BC7 /* PlistCache.swift */; };
		73BC62DD0F9C1AC29854EE8A /* NotebookCell.swift in Sources */ = {isa = PBXBuildFile; fileRef = 73BC6FE93EBBFA7D4B985346 /* NotebookCell.swift */; };
		73BC63F297393E0925951A81 /* NoteListViewController.swift in Sources */ = {isa = PBXBuildFile; fileRef = 73BC6511AB89C9E9C2DE090A /* NoteListViewController.swift */; };
		73BC647AA7593D5C161C24D0 /* DataEnvelope.swift in Sources */ = {isa = PBXBuildFile; fileRef = 73BC647134DDE31544BBB0D1 /* DataEnvelope.swift */; };
		73BC64D2203D3BA81ECAD4CA /* ParseStorage.swift in Sources */ = {isa = PBXBuildFile; fileRef = 73BC632884DE0D96A3DC4916 /* ParseStorage.swift */; };
		73BC65F5835538BA42E866EE /* NoteListDataSource.swift in Sources */ = {isa = PBXBuildFile; fileRef = 73BC6E7D24092C804AE0209F /* NoteListDataSource.swift */; };
		73BC68B434A2903CA014DA1D /* NotebookListViewController.swift in Sources */ = {isa = PBXBuildFile; fileRef = 73BC64EEC2E56EB76843F06D /* NotebookListViewController.swift */; };
		73BC68ECE028B750FCF1D004 /* MemoryCache.swift in Sources */ = {isa = PBXBuildFile; fileRef = 73BC6EFCAF61DCD076C58B2C /* MemoryCache.swift */; };
		73BC6959D27C282E74768A5E /* AppDelegate.swift in Sources */ = {isa = PBXBuildFile; fileRef = 73BC687C89C5C7400B714297 /* AppDelegate.swift */; };
		73BC69A148C80D34C0088F36 /* NoteViewController.swift in Sources */ = {isa = PBXBuildFile; fileRef = 73BC6F564A98F76D526C0740 /* NoteViewController.swift */; };
		73BC6A7557E9314DAE5ED917 /* Note.swift in Sources */ = {isa = PBXBuildFile; fileRef = 73BC667A868D3D25999CDC8E /* Note.swift */; };
		73BC6B6C31E0DC8A4BB820B0 /* NotebookListDataSource.swift in Sources */ = {isa = PBXBuildFile; fileRef = 73BC6F530A3E77DE6ECD7B61 /* NotebookListDataSource.swift */; };
		73BC6B8632547279F366F93F /* Notebook.swift in Sources */ = {isa = PBXBuildFile; fileRef = 73BC6BF5B609ED3D4E7A0DA2 /* Notebook.swift */; };
		73BC6C80482FD943AD045781 /* RootNavigationController.swift in Sources */ = {isa = PBXBuildFile; fileRef = 73BC669E87C3982C7F9B72F3 /* RootNavigationController.swift */; };
		73BC6F48543CA907B9688CFC /* NoteCell.swift in Sources */ = {isa = PBXBuildFile; fileRef = 73BC6E31DA407DB22FDFE028 /* NoteCell.swift */; };
		73BC6F59BBF9B4322932662E /* ChangesEnvelope.swift in Sources */ = {isa = PBXBuildFile; fileRef = 73BC667A737BF0683E1FC598 /* ChangesEnvelope.swift */; };
		73BC6F9D1DD8B33D9BF58A81 /* ParseHelper.swift in Sources */ = {isa = PBXBuildFile; fileRef = 73BC63CEE2DAAEA90EC8C76D /* ParseHelper.swift */; };
		73BC6FAE58C6CC0E5A9E6034 /* Cache.swift in Sources */ = {isa = PBXBuildFile; fileRef = 73BC64E058CF348F17D54699 /* Cache.swift */; };
		73BC6FE1F5634658C4917987 /* Changes.swift in Sources */ = {isa = PBXBuildFile; fileRef = 73BC61AE012C69B34AA8D50A /* Changes.swift */; };
		C5B45FE11B74B82F00C8E84B /* Main.storyboard in Resources */ = {isa = PBXBuildFile; fileRef = C5B45FDF1B74B82F00C8E84B /* Main.storyboard */; };
		C5B45FE31B74B82F00C8E84B /* Images.xcassets in Resources */ = {isa = PBXBuildFile; fileRef = C5B45FE21B74B82F00C8E84B /* Images.xcassets */; };
		C5B45FE61B74B82F00C8E84B /* LaunchScreen.xib in Resources */ = {isa = PBXBuildFile; fileRef = C5B45FE41B74B82F00C8E84B /* LaunchScreen.xib */; };
		C5B45FF21B74B82F00C8E84B /* SimpleNotesTests.swift in Sources */ = {isa = PBXBuildFile; fileRef = C5B45FF11B74B82F00C8E84B /* SimpleNotesTests.swift */; };
		C5DB291D1B78AC5200E73845 /* Bolts.framework in Frameworks */ = {isa = PBXBuildFile; fileRef = C5DB29171B78AC5200E73845 /* Bolts.framework */; };
		C5DB291E1B78AC5200E73845 /* Parse.framework in Frameworks */ = {isa = PBXBuildFile; fileRef = C5DB29181B78AC5200E73845 /* Parse.framework */; };
		C5DB291F1B78AC5200E73845 /* ParseCrashReporting.framework in Frameworks */ = {isa = PBXBuildFile; fileRef = C5DB29191B78AC5200E73845 /* ParseCrashReporting.framework */; };
		C5DB29211B78AC5200E73845 /* ParseFacebookUtilsV4.framework in Frameworks */ = {isa = PBXBuildFile; fileRef = C5DB291B1B78AC5200E73845 /* ParseFacebookUtilsV4.framework */; };
		C5DB29221B78AC5200E73845 /* ParseUI.framework in Frameworks */ = {isa = PBXBuildFile; fileRef = C5DB291C1B78AC5200E73845 /* ParseUI.framework */; };
		C5DB292D1B78ACD200E73845 /* Accounts.framework in Frameworks */ = {isa = PBXBuildFile; fileRef = C5DB29231B78ACD200E73845 /* Accounts.framework */; };
		C5DB292E1B78ACD200E73845 /* AudioToolbox.framework in Frameworks */ = {isa = PBXBuildFile; fileRef = C5DB29241B78ACD200E73845 /* AudioToolbox.framework */; };
		C5DB292F1B78ACD200E73845 /* CFNetwork.framework in Frameworks */ = {isa = PBXBuildFile; fileRef = C5DB29251B78ACD200E73845 /* CFNetwork.framework */; };
		C5DB29301B78ACD200E73845 /* CoreGraphics.framework in Frameworks */ = {isa = PBXBuildFile; fileRef = C5DB29261B78ACD200E73845 /* CoreGraphics.framework */; };
		C5DB29311B78ACD200E73845 /* CoreLocation.framework in Frameworks */ = {isa = PBXBuildFile; fileRef = C5DB29271B78ACD200E73845 /* CoreLocation.framework */; };
		C5DB29321B78ACD200E73845 /* QuartzCore.framework in Frameworks */ = {isa = PBXBuildFile; fileRef = C5DB29281B78ACD200E73845 /* QuartzCore.framework */; };
		C5DB29331B78ACD200E73845 /* Security.framework in Frameworks */ = {isa = PBXBuildFile; fileRef = C5DB29291B78ACD200E73845 /* Security.framework */; };
		C5DB29341B78ACD200E73845 /* Social.framework in Frameworks */ = {isa = PBXBuildFile; fileRef = C5DB292A1B78ACD200E73845 /* Social.framework */; };
		C5DB29351B78ACD200E73845 /* StoreKit.framework in Frameworks */ = {isa = PBXBuildFile; fileRef = C5DB292B1B78ACD200E73845 /* StoreKit.framework */; };
		C5DB29361B78ACD200E73845 /* SystemConfiguration.framework in Frameworks */ = {isa = PBXBuildFile; fileRef = C5DB292C1B78ACD200E73845 /* SystemConfiguration.framework */; };
		C5DB29381B78ACDC00E73845 /* libz.dylib in Frameworks */ = {isa = PBXBuildFile; fileRef = C5DB29371B78ACDC00E73845 /* libz.dylib */; };
		C5DB293A1B78ACE300E73845 /* libsqlite3.dylib in Frameworks */ = {isa = PBXBuildFile; fileRef = C5DB29391B78ACE300E73845 /* libsqlite3.dylib */; };
/* End PBXBuildFile section */

/* Begin PBXContainerItemProxy section */
		C5B45FEC1B74B82F00C8E84B /* PBXContainerItemProxy */ = {
			isa = PBXContainerItemProxy;
			containerPortal = C5B45FCE1B74B82F00C8E84B /* Project object */;
			proxyType = 1;
			remoteGlobalIDString = C5B45FD51B74B82F00C8E84B;
			remoteInfo = SimpleNotes;
		};
/* End PBXContainerItemProxy section */

/* Begin PBXFileReference section */
		73BC61AE012C69B34AA8D50A /* Changes.swift */ = {isa = PBXFileReference; fileEncoding = 4; lastKnownFileType = sourcecode.swift; path = Changes.swift; sourceTree = "<group>"; };
		73BC620E63E274BF6CBC111E /* Storage.swift */ = {isa = PBXFileReference; fileEncoding = 4; lastKnownFileType = sourcecode.swift; path = Storage.swift; sourceTree = "<group>"; };
		73BC632884DE0D96A3DC4916 /* ParseStorage.swift */ = {isa = PBXFileReference; fileEncoding = 4; lastKnownFileType = sourcecode.swift; path = ParseStorage.swift; sourceTree = "<group>"; };
		73BC63CEE2DAAEA90EC8C76D /* ParseHelper.swift */ = {isa = PBXFileReference; fileEncoding = 4; lastKnownFileType = sourcecode.swift; path = ParseHelper.swift; sourceTree = "<group>"; };
		73BC647134DDE31544BBB0D1 /* DataEnvelope.swift */ = {isa = PBXFileReference; fileEncoding = 4; lastKnownFileType = sourcecode.swift; path = DataEnvelope.swift; sourceTree = "<group>"; };
		73BC64E058CF348F17D54699 /* Cache.swift */ = {isa = PBXFileReference; fileEncoding = 4; lastKnownFileType = sourcecode.swift; path = Cache.swift; sourceTree = "<group>"; };
		73BC64EEC2E56EB76843F06D /* NotebookListViewController.swift */ = {isa = PBXFileReference; fileEncoding = 4; lastKnownFileType = sourcecode.swift; path = NotebookListViewController.swift; sourceTree = "<group>"; };
		73BC6511AB89C9E9C2DE090A /* NoteListViewController.swift */ = {isa = PBXFileReference; fileEncoding = 4; lastKnownFileType = sourcecode.swift; path = NoteListViewController.swift; sourceTree = "<group>"; };
		73BC667A737BF0683E1FC598 /* ChangesEnvelope.swift */ = {isa = PBXFileReference; fileEncoding = 4; lastKnownFileType = sourcecode.swift; path = ChangesEnvelope.swift; sourceTree = "<group>"; };
		73BC667A868D3D25999CDC8E /* Note.swift */ = {isa = PBXFileReference; fileEncoding = 4; lastKnownFileType = sourcecode.swift; path = Note.swift; sourceTree = "<group>"; };
		73BC669E87C3982C7F9B72F3 /* RootNavigationController.swift */ = {isa = PBXFileReference; fileEncoding = 4; lastKnownFileType = sourcecode.swift; path = RootNavigationController.swift; sourceTree = "<group>"; };
		73BC687C89C5C7400B714297 /* AppDelegate.swift */ = {isa = PBXFileReference; fileEncoding = 4; lastKnownFileType = sourcecode.swift; path = AppDelegate.swift; sourceTree = "<group>"; };
		73BC6A78D50572E1DBB96BC7 /* PlistCache.swift */ = {isa = PBXFileReference; fileEncoding = 4; lastKnownFileType = sourcecode.swift; path = PlistCache.swift; sourceTree = "<group>"; };
		73BC6BF5B609ED3D4E7A0DA2 /* Notebook.swift */ = {isa = PBXFileReference; fileEncoding = 4; lastKnownFileType = sourcecode.swift; path = Notebook.swift; sourceTree = "<group>"; };
		73BC6CB66D378C775B19BD89 /* DataManager.swift */ = {isa = PBXFileReference; fileEncoding = 4; lastKnownFileType = sourcecode.swift; path = DataManager.swift; sourceTree = "<group>"; };
		73BC6E31DA407DB22FDFE028 /* NoteCell.swift */ = {isa = PBXFileReference; fileEncoding = 4; lastKnownFileType = sourcecode.swift; path = NoteCell.swift; sourceTree = "<group>"; };
		73BC6E7D24092C804AE0209F /* NoteListDataSource.swift */ = {isa = PBXFileReference; fileEncoding = 4; lastKnownFileType = sourcecode.swift; path = NoteListDataSource.swift; sourceTree = "<group>"; };
		73BC6EFCAF61DCD076C58B2C /* MemoryCache.swift */ = {isa = PBXFileReference; fileEncoding = 4; lastKnownFileType = sourcecode.swift; path = MemoryCache.swift; sourceTree = "<group>"; };
		73BC6F530A3E77DE6ECD7B61 /* NotebookListDataSource.swift */ = {isa = PBXFileReference; fileEncoding = 4; lastKnownFileType = sourcecode.swift; path = NotebookListDataSource.swift; sourceTree = "<group>"; };
		73BC6F564A98F76D526C0740 /* NoteViewController.swift */ = {isa = PBXFileReference; fileEncoding = 4; lastKnownFileType = sourcecode.swift; path = NoteViewController.swift; sourceTree = "<group>"; };
		73BC6FE93EBBFA7D4B985346 /* NotebookCell.swift */ = {isa = PBXFileReference; fileEncoding = 4; lastKnownFileType = sourcecode.swift; path = NotebookCell.swift; sourceTree = "<group>"; };
		C5B45FD61B74B82F00C8E84B /* SimpleNotes.app */ = {isa = PBXFileReference; explicitFileType = wrapper.application; includeInIndex = 0; path = SimpleNotes.app; sourceTree = BUILT_PRODUCTS_DIR; };
		C5B45FDA1B74B82F00C8E84B /* Info.plist */ = {isa = PBXFileReference; lastKnownFileType = text.plist.xml; path = Info.plist; sourceTree = "<group>"; };
		C5B45FE01B74B82F00C8E84B /* Base */ = {isa = PBXFileReference; lastKnownFileType = file.storyboard; name = Base; path = Base.lproj/Main.storyboard; sourceTree = "<group>"; };
		C5B45FE21B74B82F00C8E84B /* Images.xcassets */ = {isa = PBXFileReference; lastKnownFileType = folder.assetcatalog; path = Images.xcassets; sourceTree = "<group>"; };
		C5B45FE51B74B82F00C8E84B /* Base */ = {isa = PBXFileReference; lastKnownFileType = file.xib; name = Base; path = Base.lproj/LaunchScreen.xib; sourceTree = "<group>"; };
		C5B45FEB1B74B82F00C8E84B /* SimpleNotesTests.xctest */ = {isa = PBXFileReference; explicitFileType = wrapper.cfbundle; includeInIndex = 0; path = SimpleNotesTests.xctest; sourceTree = BUILT_PRODUCTS_DIR; };
		C5B45FF01B74B82F00C8E84B /* Info.plist */ = {isa = PBXFileReference; lastKnownFileType = text.plist.xml; path = Info.plist; sourceTree = "<group>"; };
		C5B45FF11B74B82F00C8E84B /* SimpleNotesTests.swift */ = {isa = PBXFileReference; lastKnownFileType = sourcecode.swift; path = SimpleNotesTests.swift; sourceTree = "<group>"; };
		C5DB29171B78AC5200E73845 /* Bolts.framework */ = {isa = PBXFileReference; lastKnownFileType = wrapper.framework; path = Bolts.framework; sourceTree = "<group>"; };
		C5DB29181B78AC5200E73845 /* Parse.framework */ = {isa = PBXFileReference; lastKnownFileType = wrapper.framework; path = Parse.framework; sourceTree = "<group>"; };
		C5DB29191B78AC5200E73845 /* ParseCrashReporting.framework */ = {isa = PBXFileReference; lastKnownFileType = wrapper.framework; path = ParseCrashReporting.framework; sourceTree = "<group>"; };
		C5DB291A1B78AC5200E73845 /* ParseFacebookUtils.framework */ = {isa = PBXFileReference; lastKnownFileType = wrapper.framework; path = ParseFacebookUtils.framework; sourceTree = "<group>"; };
		C5DB291B1B78AC5200E73845 /* ParseFacebookUtilsV4.framework */ = {isa = PBXFileReference; lastKnownFileType = wrapper.framework; path = ParseFacebookUtilsV4.framework; sourceTree = "<group>"; };
		C5DB291C1B78AC5200E73845 /* ParseUI.framework */ = {isa = PBXFileReference; lastKnownFileType = wrapper.framework; path = ParseUI.framework; sourceTree = "<group>"; };
		C5DB29231B78ACD200E73845 /* Accounts.framework */ = {isa = PBXFileReference; lastKnownFileType = wrapper.framework; name = Accounts.framework; path = System/Library/Frameworks/Accounts.framework; sourceTree = SDKROOT; };
		C5DB29241B78ACD200E73845 /* AudioToolbox.framework */ = {isa = PBXFileReference; lastKnownFileType = wrapper.framework; name = AudioToolbox.framework; path = System/Library/Frameworks/AudioToolbox.framework; sourceTree = SDKROOT; };
		C5DB29251B78ACD200E73845 /* CFNetwork.framework */ = {isa = PBXFileReference; lastKnownFileType = wrapper.framework; name = CFNetwork.framework; path = System/Library/Frameworks/CFNetwork.framework; sourceTree = SDKROOT; };
		C5DB29261B78ACD200E73845 /* CoreGraphics.framework */ = {isa = PBXFileReference; lastKnownFileType = wrapper.framework; name = CoreGraphics.framework; path = System/Library/Frameworks/CoreGraphics.framework; sourceTree = SDKROOT; };
		C5DB29271B78ACD200E73845 /* CoreLocation.framework */ = {isa = PBXFileReference; lastKnownFileType = wrapper.framework; name = CoreLocation.framework; path = System/Library/Frameworks/CoreLocation.framework; sourceTree = SDKROOT; };
		C5DB29281B78ACD200E73845 /* QuartzCore.framework */ = {isa = PBXFileReference; lastKnownFileType = wrapper.framework; name = QuartzCore.framework; path = System/Library/Frameworks/QuartzCore.framework; sourceTree = SDKROOT; };
		C5DB29291B78ACD200E73845 /* Security.framework */ = {isa = PBXFileReference; lastKnownFileType = wrapper.framework; name = Security.framework; path = System/Library/Frameworks/Security.framework; sourceTree = SDKROOT; };
		C5DB292A1B78ACD200E73845 /* Social.framework */ = {isa = PBXFileReference; lastKnownFileType = wrapper.framework; name = Social.framework; path = System/Library/Frameworks/Social.framework; sourceTree = SDKROOT; };
		C5DB292B1B78ACD200E73845 /* StoreKit.framework */ = {isa = PBXFileReference; lastKnownFileType = wrapper.framework; name = StoreKit.framework; path = System/Library/Frameworks/StoreKit.framework; sourceTree = SDKROOT; };
		C5DB292C1B78ACD200E73845 /* SystemConfiguration.framework */ = {isa = PBXFileReference; lastKnownFileType = wrapper.framework; name = SystemConfiguration.framework; path = System/Library/Frameworks/SystemConfiguration.framework; sourceTree = SDKROOT; };
		C5DB29371B78ACDC00E73845 /* libz.dylib */ = {isa = PBXFileReference; lastKnownFileType = "compiled.mach-o.dylib"; name = libz.dylib; path = usr/lib/libz.dylib; sourceTree = SDKROOT; };
		C5DB29391B78ACE300E73845 /* libsqlite3.dylib */ = {isa = PBXFileReference; lastKnownFileType = "compiled.mach-o.dylib"; name = libsqlite3.dylib; path = usr/lib/libsqlite3.dylib; sourceTree = SDKROOT; };
/* End PBXFileReference section */

/* Begin PBXFrameworksBuildPhase section */
		C5B45FD31B74B82F00C8E84B /* Frameworks */ = {
			isa = PBXFrameworksBuildPhase;
			buildActionMask = 2147483647;
			files = (
				C5DB293A1B78ACE300E73845 /* libsqlite3.dylib in Frameworks */,
				C5DB29381B78ACDC00E73845 /* libz.dylib in Frameworks */,
				C5DB292D1B78ACD200E73845 /* Accounts.framework in Frameworks */,
				C5DB292E1B78ACD200E73845 /* AudioToolbox.framework in Frameworks */,
				C5DB292F1B78ACD200E73845 /* CFNetwork.framework in Frameworks */,
				C5DB29301B78ACD200E73845 /* CoreGraphics.framework in Frameworks */,
				C5DB29311B78ACD200E73845 /* CoreLocation.framework in Frameworks */,
				C5DB29321B78ACD200E73845 /* QuartzCore.framework in Frameworks */,
				C5DB29331B78ACD200E73845 /* Security.framework in Frameworks */,
				C5DB29341B78ACD200E73845 /* Social.framework in Frameworks */,
				C5DB29351B78ACD200E73845 /* StoreKit.framework in Frameworks */,
				C5DB29361B78ACD200E73845 /* SystemConfiguration.framework in Frameworks */,
				C5DB29221B78AC5200E73845 /* ParseUI.framework in Frameworks */,
				C5DB291E1B78AC5200E73845 /* Parse.framework in Frameworks */,
				C5DB291F1B78AC5200E73845 /* ParseCrashReporting.framework in Frameworks */,
				C5DB291D1B78AC5200E73845 /* Bolts.framework in Frameworks */,
				C5DB29211B78AC5200E73845 /* ParseFacebookUtilsV4.framework in Frameworks */,
			);
			runOnlyForDeploymentPostprocessing = 0;
		};
		C5B45FE81B74B82F00C8E84B /* Frameworks */ = {
			isa = PBXFrameworksBuildPhase;
			buildActionMask = 2147483647;
			files = (
			);
			runOnlyForDeploymentPostprocessing = 0;
		};
/* End PBXFrameworksBuildPhase section */

/* Begin PBXGroup section */
		73BC6049754C645938121AFC /* Note List */ = {
			isa = PBXGroup;
			children = (
				73BC6511AB89C9E9C2DE090A /* NoteListViewController.swift */,
				73BC6E31DA407DB22FDFE028 /* NoteCell.swift */,
				73BC6E7D24092C804AE0209F /* NoteListDataSource.swift */,
			);
			path = "Note List";
			sourceTree = "<group>";
		};
		73BC60BDFE29C20F5118FD27 /* Storage */ = {
			isa = PBXGroup;
			children = (
				73BC620E63E274BF6CBC111E /* Storage.swift */,
				73BC632884DE0D96A3DC4916 /* ParseStorage.swift */,
			);
			path = Storage;
			sourceTree = "<group>";
		};
		73BC6589EA7EC9A2D0F5FEF4 /* Root */ = {
			isa = PBXGroup;
			children = (
				73BC669E87C3982C7F9B72F3 /* RootNavigationController.swift */,
			);
			path = Root;
			sourceTree = "<group>";
		};
		73BC6668679895D4B3CEE806 /* Screens */ = {
			isa = PBXGroup;
			children = (
				73BC6D2BEE95023B97C8A8F4 /* Notebook List */,
				73BC6049754C645938121AFC /* Note List */,
				73BC6FC0BE29A11DC252F7D7 /* Note */,
				73BC6589EA7EC9A2D0F5FEF4 /* Root */,
			);
			path = Screens;
			sourceTree = "<group>";
		};
		73BC67F9054C0ABEDD6628C2 /* Parse */ = {
			isa = PBXGroup;
			children = (
				C5DB29171B78AC5200E73845 /* Bolts.framework */,
				C5DB29181B78AC5200E73845 /* Parse.framework */,
				C5DB29191B78AC5200E73845 /* ParseCrashReporting.framework */,
				C5DB291A1B78AC5200E73845 /* ParseFacebookUtils.framework */,
				C5DB291B1B78AC5200E73845 /* ParseFacebookUtilsV4.framework */,
				C5DB291C1B78AC5200E73845 /* ParseUI.framework */,
			);
			path = Parse;
			sourceTree = "<group>";
		};
		73BC696D023E2E371CD8B694 /* Cache */ = {
			isa = PBXGroup;
			children = (
				73BC6EFCAF61DCD076C58B2C /* MemoryCache.swift */,
				73BC64E058CF348F17D54699 /* Cache.swift */,
				73BC6A78D50572E1DBB96BC7 /* PlistCache.swift */,
			);
			path = Cache;
			sourceTree = "<group>";
		};
		73BC6B74C296178D557843A7 /* Data */ = {
			isa = PBXGroup;
			children = (
				73BC667A737BF0683E1FC598 /* ChangesEnvelope.swift */,
				73BC6BF5B609ED3D4E7A0DA2 /* Notebook.swift */,
				73BC667A868D3D25999CDC8E /* Note.swift */,
				73BC647134DDE31544BBB0D1 /* DataEnvelope.swift */,
				73BC61AE012C69B34AA8D50A /* Changes.swift */,
			);
			path = Data;
			sourceTree = "<group>";
		};
		73BC6D2BEE95023B97C8A8F4 /* Notebook List */ = {
			isa = PBXGroup;
			children = (
				73BC64EEC2E56EB76843F06D /* NotebookListViewController.swift */,
				73BC6FE93EBBFA7D4B985346 /* NotebookCell.swift */,
				73BC6F530A3E77DE6ECD7B61 /* NotebookListDataSource.swift */,
			);
			path = "Notebook List";
			sourceTree = "<group>";
		};
		73BC6DB1C3310A6D6084BE65 /* Vendor */ = {
			isa = PBXGroup;
			children = (
				73BC67F9054C0ABEDD6628C2 /* Parse */,
			);
			path = Vendor;
			sourceTree = "<group>";
		};
		73BC6EB683E470B739FDFE8F /* Src */ = {
			isa = PBXGroup;
			children = (
				73BC687C89C5C7400B714297 /* AppDelegate.swift */,
				73BC6668679895D4B3CEE806 /* Screens */,
				73BC6CB66D378C775B19BD89 /* DataManager.swift */,
				73BC60BDFE29C20F5118FD27 /* Storage */,
				73BC6B74C296178D557843A7 /* Data */,
				73BC696D023E2E371CD8B694 /* Cache */,
				73BC6FEB1F829CCC33B514C0 /* Helpers */,
			);
			path = Src;
			sourceTree = "<group>";
		};
		73BC6FC0BE29A11DC252F7D7 /* Note */ = {
			isa = PBXGroup;
			children = (
				73BC6F564A98F76D526C0740 /* NoteViewController.swift */,
			);
			path = Note;
			sourceTree = "<group>";
		};
		73BC6FEB1F829CCC33B514C0 /* Helpers */ = {
			isa = PBXGroup;
			children = (
				73BC63CEE2DAAEA90EC8C76D /* ParseHelper.swift */,
			);
			path = Helpers;
			sourceTree = "<group>";
		};
		C5B45FCD1B74B82F00C8E84B = {
			isa = PBXGroup;
			children = (
				C5DB293B1B78ACF100E73845 /* Libs */,
				C5B45FD81B74B82F00C8E84B /* SimpleNotes */,
				C5B45FEE1B74B82F00C8E84B /* SimpleNotesTests */,
				C5B45FD71B74B82F00C8E84B /* Products */,
			);
			sourceTree = "<group>";
		};
		C5B45FD71B74B82F00C8E84B /* Products */ = {
			isa = PBXGroup;
			children = (
				C5B45FD61B74B82F00C8E84B /* SimpleNotes.app */,
				C5B45FEB1B74B82F00C8E84B /* SimpleNotesTests.xctest */,
			);
			name = Products;
			sourceTree = "<group>";
		};
		C5B45FD81B74B82F00C8E84B /* SimpleNotes */ = {
			isa = PBXGroup;
			children = (
				C5B45FDF1B74B82F00C8E84B /* Main.storyboard */,
				C5B45FE21B74B82F00C8E84B /* Images.xcassets */,
				C5B45FE41B74B82F00C8E84B /* LaunchScreen.xib */,
				C5B45FD91B74B82F00C8E84B /* Supporting Files */,
				73BC6EB683E470B739FDFE8F /* Src */,
				73BC6DB1C3310A6D6084BE65 /* Vendor */,
			);
			path = SimpleNotes;
			sourceTree = "<group>";
		};
		C5B45FD91B74B82F00C8E84B /* Supporting Files */ = {
			isa = PBXGroup;
			children = (
				C5B45FDA1B74B82F00C8E84B /* Info.plist */,
			);
			name = "Supporting Files";
			sourceTree = "<group>";
		};
		C5B45FEE1B74B82F00C8E84B /* SimpleNotesTests */ = {
			isa = PBXGroup;
			children = (
				C5B45FF11B74B82F00C8E84B /* SimpleNotesTests.swift */,
				C5B45FEF1B74B82F00C8E84B /* Supporting Files */,
			);
			path = SimpleNotesTests;
			sourceTree = "<group>";
		};
		C5B45FEF1B74B82F00C8E84B /* Supporting Files */ = {
			isa = PBXGroup;
			children = (
				C5B45FF01B74B82F00C8E84B /* Info.plist */,
			);
			name = "Supporting Files";
			sourceTree = "<group>";
		};
		C5DB293B1B78ACF100E73845 /* Libs */ = {
			isa = PBXGroup;
			children = (
				C5DB29391B78ACE300E73845 /* libsqlite3.dylib */,
				C5DB29371B78ACDC00E73845 /* libz.dylib */,
				C5DB29231B78ACD200E73845 /* Accounts.framework */,
				C5DB29241B78ACD200E73845 /* AudioToolbox.framework */,
				C5DB29251B78ACD200E73845 /* CFNetwork.framework */,
				C5DB29261B78ACD200E73845 /* CoreGraphics.framework */,
				C5DB29271B78ACD200E73845 /* CoreLocation.framework */,
				C5DB29281B78ACD200E73845 /* QuartzCore.framework */,
				C5DB29291B78ACD200E73845 /* Security.framework */,
				C5DB292A1B78ACD200E73845 /* Social.framework */,
				C5DB292B1B78ACD200E73845 /* StoreKit.framework */,
				C5DB292C1B78ACD200E73845 /* SystemConfiguration.framework */,
			);
			name = Libs;
			sourceTree = "<group>";
		};
/* End PBXGroup section */

/* Begin PBXNativeTarget section */
		C5B45FD51B74B82F00C8E84B /* SimpleNotes */ = {
			isa = PBXNativeTarget;
			buildConfigurationList = C5B45FF51B74B82F00C8E84B /* Build configuration list for PBXNativeTarget "SimpleNotes" */;
			buildPhases = (
				C5B45FD21B74B82F00C8E84B /* Sources */,
				C5B45FD31B74B82F00C8E84B /* Frameworks */,
				C5B45FD41B74B82F00C8E84B /* Resources */,
			);
			buildRules = (
			);
			dependencies = (
			);
			name = SimpleNotes;
			productName = SimpleNotes;
			productReference = C5B45FD61B74B82F00C8E84B /* SimpleNotes.app */;
			productType = "com.apple.product-type.application";
		};
		C5B45FEA1B74B82F00C8E84B /* SimpleNotesTests */ = {
			isa = PBXNativeTarget;
			buildConfigurationList = C5B45FF81B74B82F00C8E84B /* Build configuration list for PBXNativeTarget "SimpleNotesTests" */;
			buildPhases = (
				C5B45FE71B74B82F00C8E84B /* Sources */,
				C5B45FE81B74B82F00C8E84B /* Frameworks */,
				C5B45FE91B74B82F00C8E84B /* Resources */,
			);
			buildRules = (
			);
			dependencies = (
				C5B45FED1B74B82F00C8E84B /* PBXTargetDependency */,
			);
			name = SimpleNotesTests;
			productName = SimpleNotesTests;
			productReference = C5B45FEB1B74B82F00C8E84B /* SimpleNotesTests.xctest */;
			productType = "com.apple.product-type.bundle.unit-test";
		};
/* End PBXNativeTarget section */

/* Begin PBXProject section */
		C5B45FCE1B74B82F00C8E84B /* Project object */ = {
			isa = PBXProject;
			attributes = {
				LastUpgradeCheck = 0640;
				ORGANIZATIONNAME = "Maxim Pervushin";
				TargetAttributes = {
					C5B45FD51B74B82F00C8E84B = {
						CreatedOnToolsVersion = 6.4;
					};
					C5B45FEA1B74B82F00C8E84B = {
						CreatedOnToolsVersion = 6.4;
						TestTargetID = C5B45FD51B74B82F00C8E84B;
					};
				};
			};
			buildConfigurationList = C5B45FD11B74B82F00C8E84B /* Build configuration list for PBXProject "SimpleNotes" */;
			compatibilityVersion = "Xcode 3.2";
			developmentRegion = English;
			hasScannedForEncodings = 0;
			knownRegions = (
				en,
				Base,
			);
			mainGroup = C5B45FCD1B74B82F00C8E84B;
			productRefGroup = C5B45FD71B74B82F00C8E84B /* Products */;
			projectDirPath = "";
			projectRoot = "";
			targets = (
				C5B45FD51B74B82F00C8E84B /* SimpleNotes */,
				C5B45FEA1B74B82F00C8E84B /* SimpleNotesTests */,
			);
		};
/* End PBXProject section */

/* Begin PBXResourcesBuildPhase section */
		C5B45FD41B74B82F00C8E84B /* Resources */ = {
			isa = PBXResourcesBuildPhase;
			buildActionMask = 2147483647;
			files = (
				C5B45FE11B74B82F00C8E84B /* Main.storyboard in Resources */,
				C5B45FE61B74B82F00C8E84B /* LaunchScreen.xib in Resources */,
				C5B45FE31B74B82F00C8E84B /* Images.xcassets in Resources */,
			);
			runOnlyForDeploymentPostprocessing = 0;
		};
		C5B45FE91B74B82F00C8E84B /* Resources */ = {
			isa = PBXResourcesBuildPhase;
			buildActionMask = 2147483647;
			files = (
			);
			runOnlyForDeploymentPostprocessing = 0;
		};
/* End PBXResourcesBuildPhase section */

/* Begin PBXSourcesBuildPhase section */
		C5B45FD21B74B82F00C8E84B /* Sources */ = {
			isa = PBXSourcesBuildPhase;
			buildActionMask = 2147483647;
			files = (
				73BC6959D27C282E74768A5E /* AppDelegate.swift in Sources */,
				73BC69A148C80D34C0088F36 /* NoteViewController.swift in Sources */,
				73BC63F297393E0925951A81 /* NoteListViewController.swift in Sources */,
				73BC68B434A2903CA014DA1D /* NotebookListViewController.swift in Sources */,
				73BC60C44A8F4686AFB66617 /* DataManager.swift in Sources */,
				73BC61961B71FE37208F027D /* Storage.swift in Sources */,
				73BC64D2203D3BA81ECAD4CA /* ParseStorage.swift in Sources */,
				73BC6F59BBF9B4322932662E /* ChangesEnvelope.swift in Sources */,
				73BC6B8632547279F366F93F /* Notebook.swift in Sources */,
				73BC6A7557E9314DAE5ED917 /* Note.swift in Sources */,
				73BC647AA7593D5C161C24D0 /* DataEnvelope.swift in Sources */,
				73BC68ECE028B750FCF1D004 /* MemoryCache.swift in Sources */,
				73BC6FAE58C6CC0E5A9E6034 /* Cache.swift in Sources */,
				73BC62DD0F9C1AC29854EE8A /* NotebookCell.swift in Sources */,
				73BC6B6C31E0DC8A4BB820B0 /* NotebookListDataSource.swift in Sources */,
				73BC6F48543CA907B9688CFC /* NoteCell.swift in Sources */,
				73BC65F5835538BA42E866EE /* NoteListDataSource.swift in Sources */,
				73BC61C68AF2D3D82E1793BD /* PlistCache.swift in Sources */,
				73BC6F9D1DD8B33D9BF58A81 /* ParseHelper.swift in Sources */,
				73BC6C80482FD943AD045781 /* RootNavigationController.swift in Sources */,
				73BC6FE1F5634658C4917987 /* Changes.swift in Sources */,
			);
			runOnlyForDeploymentPostprocessing = 0;
		};
		C5B45FE71B74B82F00C8E84B /* Sources */ = {
			isa = PBXSourcesBuildPhase;
			buildActionMask = 2147483647;
			files = (
				C5B45FF21B74B82F00C8E84B /* SimpleNotesTests.swift in Sources */,
			);
			runOnlyForDeploymentPostprocessing = 0;
		};
/* End PBXSourcesBuildPhase section */

/* Begin PBXTargetDependency section */
		C5B45FED1B74B82F00C8E84B /* PBXTargetDependency */ = {
			isa = PBXTargetDependency;
			target = C5B45FD51B74B82F00C8E84B /* SimpleNotes */;
			targetProxy = C5B45FEC1B74B82F00C8E84B /* PBXContainerItemProxy */;
		};
/* End PBXTargetDependency section */

/* Begin PBXVariantGroup section */
		C5B45FDF1B74B82F00C8E84B /* Main.storyboard */ = {
			isa = PBXVariantGroup;
			children = (
				C5B45FE01B74B82F00C8E84B /* Base */,
			);
			name = Main.storyboard;
			sourceTree = "<group>";
		};
		C5B45FE41B74B82F00C8E84B /* LaunchScreen.xib */ = {
			isa = PBXVariantGroup;
			children = (
				C5B45FE51B74B82F00C8E84B /* Base */,
			);
			name = LaunchScreen.xib;
			sourceTree = "<group>";
		};
/* End PBXVariantGroup section */

/* Begin XCBuildConfiguration section */
		C5B45FF31B74B82F00C8E84B /* Debug */ = {
			isa = XCBuildConfiguration;
			buildSettings = {
				ALWAYS_SEARCH_USER_PATHS = NO;
				CLANG_CXX_LANGUAGE_STANDARD = "gnu++0x";
				CLANG_CXX_LIBRARY = "libc++";
				CLANG_ENABLE_MODULES = YES;
				CLANG_ENABLE_OBJC_ARC = YES;
				CLANG_WARN_BOOL_CONVERSION = YES;
				CLANG_WARN_CONSTANT_CONVERSION = YES;
				CLANG_WARN_DIRECT_OBJC_ISA_USAGE = YES_ERROR;
				CLANG_WARN_EMPTY_BODY = YES;
				CLANG_WARN_ENUM_CONVERSION = YES;
				CLANG_WARN_INT_CONVERSION = YES;
				CLANG_WARN_OBJC_ROOT_CLASS = YES_ERROR;
				CLANG_WARN_UNREACHABLE_CODE = YES;
				CLANG_WARN__DUPLICATE_METHOD_MATCH = YES;
				"CODE_SIGN_IDENTITY[sdk=iphoneos*]" = "iPhone Developer";
				COPY_PHASE_STRIP = NO;
				DEBUG_INFORMATION_FORMAT = "dwarf-with-dsym";
				ENABLE_STRICT_OBJC_MSGSEND = YES;
				GCC_C_LANGUAGE_STANDARD = gnu99;
				GCC_DYNAMIC_NO_PIC = NO;
				GCC_NO_COMMON_BLOCKS = YES;
				GCC_OPTIMIZATION_LEVEL = 0;
				GCC_PREPROCESSOR_DEFINITIONS = (
					"DEBUG=1",
					"$(inherited)",
				);
				GCC_SYMBOLS_PRIVATE_EXTERN = NO;
				GCC_WARN_64_TO_32_BIT_CONVERSION = YES;
				GCC_WARN_ABOUT_RETURN_TYPE = YES_ERROR;
				GCC_WARN_UNDECLARED_SELECTOR = YES;
				GCC_WARN_UNINITIALIZED_AUTOS = YES_AGGRESSIVE;
				GCC_WARN_UNUSED_FUNCTION = YES;
				GCC_WARN_UNUSED_VARIABLE = YES;
				IPHONEOS_DEPLOYMENT_TARGET = 8.4;
				MTL_ENABLE_DEBUG_INFO = YES;
				ONLY_ACTIVE_ARCH = YES;
				SDKROOT = iphoneos;
				SWIFT_OPTIMIZATION_LEVEL = "-Onone";
				TARGETED_DEVICE_FAMILY = "1,2";
			};
			name = Debug;
		};
		C5B45FF41B74B82F00C8E84B /* Release */ = {
			isa = XCBuildConfiguration;
			buildSettings = {
				ALWAYS_SEARCH_USER_PATHS = NO;
				CLANG_CXX_LANGUAGE_STANDARD = "gnu++0x";
				CLANG_CXX_LIBRARY = "libc++";
				CLANG_ENABLE_MODULES = YES;
				CLANG_ENABLE_OBJC_ARC = YES;
				CLANG_WARN_BOOL_CONVERSION = YES;
				CLANG_WARN_CONSTANT_CONVERSION = YES;
				CLANG_WARN_DIRECT_OBJC_ISA_USAGE = YES_ERROR;
				CLANG_WARN_EMPTY_BODY = YES;
				CLANG_WARN_ENUM_CONVERSION = YES;
				CLANG_WARN_INT_CONVERSION = YES;
				CLANG_WARN_OBJC_ROOT_CLASS = YES_ERROR;
				CLANG_WARN_UNREACHABLE_CODE = YES;
				CLANG_WARN__DUPLICATE_METHOD_MATCH = YES;
				"CODE_SIGN_IDENTITY[sdk=iphoneos*]" = "iPhone Developer";
				COPY_PHASE_STRIP = NO;
				DEBUG_INFORMATION_FORMAT = "dwarf-with-dsym";
				ENABLE_NS_ASSERTIONS = NO;
				ENABLE_STRICT_OBJC_MSGSEND = YES;
				GCC_C_LANGUAGE_STANDARD = gnu99;
				GCC_NO_COMMON_BLOCKS = YES;
				GCC_WARN_64_TO_32_BIT_CONVERSION = YES;
				GCC_WARN_ABOUT_RETURN_TYPE = YES_ERROR;
				GCC_WARN_UNDECLARED_SELECTOR = YES;
				GCC_WARN_UNINITIALIZED_AUTOS = YES_AGGRESSIVE;
				GCC_WARN_UNUSED_FUNCTION = YES;
				GCC_WARN_UNUSED_VARIABLE = YES;
				IPHONEOS_DEPLOYMENT_TARGET = 8.4;
				MTL_ENABLE_DEBUG_INFO = NO;
				SDKROOT = iphoneos;
				TARGETED_DEVICE_FAMILY = "1,2";
				VALIDATE_PRODUCT = YES;
			};
			name = Release;
		};
		C5B45FF61B74B82F00C8E84B /* Debug */ = {
			isa = XCBuildConfiguration;
			buildSettings = {
				ASSETCATALOG_COMPILER_APPICON_NAME = AppIcon;
				FRAMEWORK_SEARCH_PATHS = (
					"$(inherited)",
					"$(PROJECT_DIR)/SimpleNotes/Vendor/Parse",
				);
				INFOPLIST_FILE = SimpleNotes/Info.plist;
				LD_RUNPATH_SEARCH_PATHS = "$(inherited) @executable_path/Frameworks";
				PRODUCT_NAME = "$(TARGET_NAME)";
			};
			name = Debug;
		};
		C5B45FF71B74B82F00C8E84B /* Release */ = {
			isa = XCBuildConfiguration;
			buildSettings = {
				ASSETCATALOG_COMPILER_APPICON_NAME = AppIcon;
				FRAMEWORK_SEARCH_PATHS = (
					"$(inherited)",
					"$(PROJECT_DIR)/SimpleNotes/Vendor/Parse",
				);
				INFOPLIST_FILE = SimpleNotes/Info.plist;
				LD_RUNPATH_SEARCH_PATHS = "$(inherited) @executable_path/Frameworks";
				PRODUCT_NAME = "$(TARGET_NAME)";
			};
			name = Release;
		};
		C5B45FF91B74B82F00C8E84B /* Debug */ = {
			isa = XCBuildConfiguration;
			buildSettings = {
				BUNDLE_LOADER = "$(TEST_HOST)";
				FRAMEWORK_SEARCH_PATHS = (
					"$(SDKROOT)/Developer/Library/Frameworks",
					"$(inherited)",
				);
				GCC_PREPROCESSOR_DEFINITIONS = (
					"DEBUG=1",
					"$(inherited)",
				);
				INFOPLIST_FILE = SimpleNotesTests/Info.plist;
				LD_RUNPATH_SEARCH_PATHS = "$(inherited) @executable_path/Frameworks @loader_path/Frameworks";
				PRODUCT_NAME = "$(TARGET_NAME)";
				TEST_HOST = "$(BUILT_PRODUCTS_DIR)/SimpleNotes.app/SimpleNotes";
			};
			name = Debug;
		};
		C5B45FFA1B74B82F00C8E84B /* Release */ = {
			isa = XCBuildConfiguration;
			buildSettings = {
				BUNDLE_LOADER = "$(TEST_HOST)";
				FRAMEWORK_SEARCH_PATHS = (
					"$(SDKROOT)/Developer/Library/Frameworks",
					"$(inherited)",
				);
				INFOPLIST_FILE = SimpleNotesTests/Info.plist;
				LD_RUNPATH_SEARCH_PATHS = "$(inherited) @executable_path/Frameworks @loader_path/Frameworks";
				PRODUCT_NAME = "$(TARGET_NAME)";
				TEST_HOST = "$(BUILT_PRODUCTS_DIR)/SimpleNotes.app/SimpleNotes";
			};
			name = Release;
		};
/* End XCBuildConfiguration section */

/* Begin XCConfigurationList section */
		C5B45FD11B74B82F00C8E84B /* Build configuration list for PBXProject "SimpleNotes" */ = {
			isa = XCConfigurationList;
			buildConfigurations = (
				C5B45FF31B74B82F00C8E84B /* Debug */,
				C5B45FF41B74B82F00C8E84B /* Release */,
			);
			defaultConfigurationIsVisible = 0;
			defaultConfigurationName = Release;
		};
		C5B45FF51B74B82F00C8E84B /* Build configuration list for PBXNativeTarget "SimpleNotes" */ = {
			isa = XCConfigurationList;
			buildConfigurations = (
				C5B45FF61B74B82F00C8E84B /* Debug */,
				C5B45FF71B74B82F00C8E84B /* Release */,
			);
			defaultConfigurationIsVisible = 0;
			defaultConfigurationName = Release;
		};
		C5B45FF81B74B82F00C8E84B /* Build configuration list for PBXNativeTarget "SimpleNotesTests" */ = {
			isa = XCConfigurationList;
			buildConfigurations = (
				C5B45FF91B74B82F00C8E84B /* Debug */,
				C5B45FFA1B74B82F00C8E84B /* Release */,
			);
			defaultConfigurationIsVisible = 0;
			defaultConfigurationName = Release;
		};
/* End XCConfigurationList section */
	};
	rootObject = C5B45FCE1B74B82F00C8E84B /* Project object */;
}
